// !$*UTF8*$!
{
	archiveVersion = 1;
	classes = {
	};
	objectVersion = 46;
	objects = {

/* Begin PBXBuildFile section */
		5F4C74AFACA6AC42D91E82AD /* Pods_notesNearby_iOS_final.framework in Frameworks */ = {isa = PBXBuildFile; fileRef = B51938E28DA271728C436E77 /* Pods_notesNearby_iOS_final.framework */; };
		9D10F4D983E520770C371339 /* Pods_notesNearby_iOS_finalTests.framework in Frameworks */ = {isa = PBXBuildFile; fileRef = E94574827B7760FD604A980E /* Pods_notesNearby_iOS_finalTests.framework */; };
		BCFA52574831E78557DA8939 /* Pods_notesNearby_iOS_finalUITests.framework in Frameworks */ = {isa = PBXBuildFile; fileRef = E3A76DFF6ED000DECA74E031 /* Pods_notesNearby_iOS_finalUITests.framework */; };
		E107DD601E80259000C61751 /* Entitlements.plist in Resources */ = {isa = PBXBuildFile; fileRef = E107DD5F1E80259000C61751 /* Entitlements.plist */; };
		E10FEA081E7ACF14009C2DA7 /* ViewController.swift in Sources */ = {isa = PBXBuildFile; fileRef = E10FEA071E7ACF14009C2DA7 /* ViewController.swift */; };
		E10FEA0A1E7ACF5B009C2DA7 /* TestAnnotationView.swift in Sources */ = {isa = PBXBuildFile; fileRef = E10FEA091E7ACF5B009C2DA7 /* TestAnnotationView.swift */; };
		E11E3DA51E73CB840001FBF0 /* TableVC.swift in Sources */ = {isa = PBXBuildFile; fileRef = E11E3DA41E73CB840001FBF0 /* TableVC.swift */; };
		E11E3DA71E73D1850001FBF0 /* MapViewController.swift in Sources */ = {isa = PBXBuildFile; fileRef = E11E3DA61E73D1850001FBF0 /* MapViewController.swift */; };
		E11E3DAD1E73D1ED0001FBF0 /* SettingsViewController.swift in Sources */ = {isa = PBXBuildFile; fileRef = E11E3DAC1E73D1ED0001FBF0 /* SettingsViewController.swift */; };
		E133E49B1E7548D100523A55 /* HomepageViewController.swift in Sources */ = {isa = PBXBuildFile; fileRef = E133E49A1E7548D100523A55 /* HomepageViewController.swift */; };
		E133E49D1E754AF000523A55 /* LoginViewController.swift in Sources */ = {isa = PBXBuildFile; fileRef = E133E49C1E754AF000523A55 /* LoginViewController.swift */; };
		E133E49F1E754AF900523A55 /* RegisterViewController.swift in Sources */ = {isa = PBXBuildFile; fileRef = E133E49E1E754AF900523A55 /* RegisterViewController.swift */; };
		E133E4B91E75532900523A55 /* IQNSArray+Sort.swift in Sources */ = {isa = PBXBuildFile; fileRef = E133E4A31E75532900523A55 /* IQNSArray+Sort.swift */; };
		E133E4BA1E75532900523A55 /* IQUIScrollView+Additions.swift in Sources */ = {isa = PBXBuildFile; fileRef = E133E4A41E75532900523A55 /* IQUIScrollView+Additions.swift */; };
		E133E4BB1E75532900523A55 /* IQUITextFieldView+Additions.swift in Sources */ = {isa = PBXBuildFile; fileRef = E133E4A51E75532900523A55 /* IQUITextFieldView+Additions.swift */; };
		E133E4BC1E75532900523A55 /* IQUIView+Hierarchy.swift in Sources */ = {isa = PBXBuildFile; fileRef = E133E4A61E75532900523A55 /* IQUIView+Hierarchy.swift */; };
		E133E4BD1E75532900523A55 /* IQUIViewController+Additions.swift in Sources */ = {isa = PBXBuildFile; fileRef = E133E4A71E75532900523A55 /* IQUIViewController+Additions.swift */; };
		E133E4BE1E75532900523A55 /* IQUIWindow+Hierarchy.swift in Sources */ = {isa = PBXBuildFile; fileRef = E133E4A81E75532900523A55 /* IQUIWindow+Hierarchy.swift */; };
		E133E4BF1E75532900523A55 /* IQKeyboardManagerConstants.swift in Sources */ = {isa = PBXBuildFile; fileRef = E133E4AA1E75532900523A55 /* IQKeyboardManagerConstants.swift */; };
		E133E4C01E75532900523A55 /* IQKeyboardManagerConstantsInternal.swift in Sources */ = {isa = PBXBuildFile; fileRef = E133E4AB1E75532900523A55 /* IQKeyboardManagerConstantsInternal.swift */; };
		E133E4C11E75532900523A55 /* IQKeyboardManager.swift in Sources */ = {isa = PBXBuildFile; fileRef = E133E4AC1E75532900523A55 /* IQKeyboardManager.swift */; };
		E133E4C21E75532900523A55 /* IQKeyboardReturnKeyHandler.swift in Sources */ = {isa = PBXBuildFile; fileRef = E133E4AE1E75532900523A55 /* IQKeyboardReturnKeyHandler.swift */; };
		E133E4C31E75532900523A55 /* IQTextView.swift in Sources */ = {isa = PBXBuildFile; fileRef = E133E4B01E75532900523A55 /* IQTextView.swift */; };
		E133E4C41E75532900523A55 /* IQBarButtonItem.swift in Sources */ = {isa = PBXBuildFile; fileRef = E133E4B21E75532900523A55 /* IQBarButtonItem.swift */; };
		E133E4C51E75532900523A55 /* IQPreviousNextView.swift in Sources */ = {isa = PBXBuildFile; fileRef = E133E4B31E75532900523A55 /* IQPreviousNextView.swift */; };
		E133E4C61E75532900523A55 /* IQTitleBarButtonItem.swift in Sources */ = {isa = PBXBuildFile; fileRef = E133E4B41E75532900523A55 /* IQTitleBarButtonItem.swift */; };
		E133E4C71E75532900523A55 /* IQToolbar.swift in Sources */ = {isa = PBXBuildFile; fileRef = E133E4B51E75532900523A55 /* IQToolbar.swift */; };
		E133E4C81E75532900523A55 /* IQUIView+IQKeyboardToolbar.swift in Sources */ = {isa = PBXBuildFile; fileRef = E133E4B61E75532900523A55 /* IQUIView+IQKeyboardToolbar.swift */; };
		E133E4C91E75532900523A55 /* IQKeyboardManager.bundle in Resources */ = {isa = PBXBuildFile; fileRef = E133E4B81E75532900523A55 /* IQKeyboardManager.bundle */; };
		E133E4CB1E75723E00523A55 /* ViewNotesViewController.swift in Sources */ = {isa = PBXBuildFile; fileRef = E133E4CA1E75723E00523A55 /* ViewNotesViewController.swift */; };
		E133E4D41E75A28300523A55 /* AR.swift in Sources */ = {isa = PBXBuildFile; fileRef = E133E4D31E75A28300523A55 /* AR.swift */; };
		E133E4E81E75A6B200523A55 /* ARAnnotation.swift in Sources */ = {isa = PBXBuildFile; fileRef = E133E4D51E75A6B100523A55 /* ARAnnotation.swift */; };
		E133E4E91E75A6B200523A55 /* ARAnnotationView.swift in Sources */ = {isa = PBXBuildFile; fileRef = E133E4D61E75A6B100523A55 /* ARAnnotationView.swift */; };
		E133E4EA1E75A6B200523A55 /* ARConfiguration.swift in Sources */ = {isa = PBXBuildFile; fileRef = E133E4D71E75A6B100523A55 /* ARConfiguration.swift */; };
		E133E4EB1E75A6B200523A55 /* ARTrackingManager.swift in Sources */ = {isa = PBXBuildFile; fileRef = E133E4D81E75A6B100523A55 /* ARTrackingManager.swift */; };
		E133E4EC1E75A6B200523A55 /* ARViewController.swift in Sources */ = {isa = PBXBuildFile; fileRef = E133E4D91E75A6B100523A55 /* ARViewController.swift */; };
		E133E4ED1E75A6B200523A55 /* DebugMapViewController.swift in Sources */ = {isa = PBXBuildFile; fileRef = E133E4DA1E75A6B100523A55 /* DebugMapViewController.swift */; };
		E133E4EE1E75A6B200523A55 /* DebugMapViewController.xib in Resources */ = {isa = PBXBuildFile; fileRef = E133E4DB1E75A6B100523A55 /* DebugMapViewController.xib */; };
		E133E4EF1E75A6B200523A55 /* hdar_close.png in Resources */ = {isa = PBXBuildFile; fileRef = E133E4DC1E75A6B100523A55 /* hdar_close.png */; };
		E133E4F01E75A6B200523A55 /* hdar_close@2x.png in Resources */ = {isa = PBXBuildFile; fileRef = E133E4DD1E75A6B100523A55 /* hdar_close@2x.png */; };
		E133E4F11E75A6B200523A55 /* hdar_close@3x.png in Resources */ = {isa = PBXBuildFile; fileRef = E133E4DE1E75A6B100523A55 /* hdar_close@3x.png */; };
		E133E4F21E75A6B200523A55 /* HDAugmentedReality.xcconfig in Resources */ = {isa = PBXBuildFile; fileRef = E133E4E11E75A6B100523A55 /* HDAugmentedReality.xcconfig */; };
		E133E4F31E75A6B200523A55 /* HDAugmentedReality-dummy.m in Sources */ = {isa = PBXBuildFile; fileRef = E133E4E21E75A6B100523A55 /* HDAugmentedReality-dummy.m */; };
		E133E4F41E75A6B200523A55 /* Info.plist in Resources */ = {isa = PBXBuildFile; fileRef = E133E4E51E75A6B100523A55 /* Info.plist */; };
		E17E05A51E73FF910035A646 /* PostViewController.swift in Sources */ = {isa = PBXBuildFile; fileRef = E17E05A41E73FF910035A646 /* PostViewController.swift */; };
		E17E05A71E740C820035A646 /* Assets.xcassets in Resources */ = {isa = PBXBuildFile; fileRef = E17E05A61E740C820035A646 /* Assets.xcassets */; };
		E17E05AB1E741FBA0035A646 /* GoogleService-Info.plist in Resources */ = {isa = PBXBuildFile; fileRef = E17E05AA1E741FBA0035A646 /* GoogleService-Info.plist */; };
		E1DB95071E73B79F002958A9 /* AppDelegate.swift in Sources */ = {isa = PBXBuildFile; fileRef = E1DB95061E73B79F002958A9 /* AppDelegate.swift */; };
		E1DB950C1E73B79F002958A9 /* Main.storyboard in Resources */ = {isa = PBXBuildFile; fileRef = E1DB950A1E73B79F002958A9 /* Main.storyboard */; };
		E1DB950F1E73B79F002958A9 /* notesNearby_iOS_final.xcdatamodeld in Sources */ = {isa = PBXBuildFile; fileRef = E1DB950D1E73B79F002958A9 /* notesNearby_iOS_final.xcdatamodeld */; };
		E1DB95141E73B79F002958A9 /* LaunchScreen.storyboard in Resources */ = {isa = PBXBuildFile; fileRef = E1DB95121E73B79F002958A9 /* LaunchScreen.storyboard */; };
		E1DB951F1E73B79F002958A9 /* notesNearby_iOS_finalTests.swift in Sources */ = {isa = PBXBuildFile; fileRef = E1DB951E1E73B79F002958A9 /* notesNearby_iOS_finalTests.swift */; };
		E1DB952A1E73B79F002958A9 /* notesNearby_iOS_finalUITests.swift in Sources */ = {isa = PBXBuildFile; fileRef = E1DB95291E73B79F002958A9 /* notesNearby_iOS_finalUITests.swift */; };
		E1DB953B1E73BFE2002958A9 /* SWRevealViewController.m in Sources */ = {isa = PBXBuildFile; fileRef = E1DB953A1E73BFE2002958A9 /* SWRevealViewController.m */; };
/* End PBXBuildFile section */

/* Begin PBXContainerItemProxy section */
		E1DB951B1E73B79F002958A9 /* PBXContainerItemProxy */ = {
			isa = PBXContainerItemProxy;
			containerPortal = E1DB94FB1E73B79F002958A9 /* Project object */;
			proxyType = 1;
			remoteGlobalIDString = E1DB95021E73B79F002958A9;
			remoteInfo = notesNearby_iOS_final;
		};
		E1DB95261E73B79F002958A9 /* PBXContainerItemProxy */ = {
			isa = PBXContainerItemProxy;
			containerPortal = E1DB94FB1E73B79F002958A9 /* Project object */;
			proxyType = 1;
			remoteGlobalIDString = E1DB95021E73B79F002958A9;
			remoteInfo = notesNearby_iOS_final;
		};
/* End PBXContainerItemProxy section */

/* Begin PBXFileReference section */
		52B8B3978A4FB71A74EAE770 /* Pods-notesNearby_iOS_final.release.xcconfig */ = {isa = PBXFileReference; includeInIndex = 1; lastKnownFileType = text.xcconfig; name = "Pods-notesNearby_iOS_final.release.xcconfig"; path = "Pods/Target Support Files/Pods-notesNearby_iOS_final/Pods-notesNearby_iOS_final.release.xcconfig"; sourceTree = "<group>"; };
		92E739F23A121CB927331481 /* Pods-notesNearby_iOS_finalTests.debug.xcconfig */ = {isa = PBXFileReference; includeInIndex = 1; lastKnownFileType = text.xcconfig; name = "Pods-notesNearby_iOS_finalTests.debug.xcconfig"; path = "Pods/Target Support Files/Pods-notesNearby_iOS_finalTests/Pods-notesNearby_iOS_finalTests.debug.xcconfig"; sourceTree = "<group>"; };
		B51938E28DA271728C436E77 /* Pods_notesNearby_iOS_final.framework */ = {isa = PBXFileReference; explicitFileType = wrapper.framework; includeInIndex = 0; path = Pods_notesNearby_iOS_final.framework; sourceTree = BUILT_PRODUCTS_DIR; };
		B5695566426F344127A923BE /* Pods-notesNearby_iOS_final.debug.xcconfig */ = {isa = PBXFileReference; includeInIndex = 1; lastKnownFileType = text.xcconfig; name = "Pods-notesNearby_iOS_final.debug.xcconfig"; path = "Pods/Target Support Files/Pods-notesNearby_iOS_final/Pods-notesNearby_iOS_final.debug.xcconfig"; sourceTree = "<group>"; };
		B6E1D2B7D269FCC66EDFE9D1 /* Pods-notesNearby_iOS_finalUITests.release.xcconfig */ = {isa = PBXFileReference; includeInIndex = 1; lastKnownFileType = text.xcconfig; name = "Pods-notesNearby_iOS_finalUITests.release.xcconfig"; path = "Pods/Target Support Files/Pods-notesNearby_iOS_finalUITests/Pods-notesNearby_iOS_finalUITests.release.xcconfig"; sourceTree = "<group>"; };
		B8F693277493CC500059DDB4 /* Pods-notesNearby_iOS_finalUITests.debug.xcconfig */ = {isa = PBXFileReference; includeInIndex = 1; lastKnownFileType = text.xcconfig; name = "Pods-notesNearby_iOS_finalUITests.debug.xcconfig"; path = "Pods/Target Support Files/Pods-notesNearby_iOS_finalUITests/Pods-notesNearby_iOS_finalUITests.debug.xcconfig"; sourceTree = "<group>"; };
		CC52CF0868E2676F8FF58C8C /* Pods-notesNearby_iOS_finalTests.release.xcconfig */ = {isa = PBXFileReference; includeInIndex = 1; lastKnownFileType = text.xcconfig; name = "Pods-notesNearby_iOS_finalTests.release.xcconfig"; path = "Pods/Target Support Files/Pods-notesNearby_iOS_finalTests/Pods-notesNearby_iOS_finalTests.release.xcconfig"; sourceTree = "<group>"; };
		E107DD5F1E80259000C61751 /* Entitlements.plist */ = {isa = PBXFileReference; fileEncoding = 4; lastKnownFileType = text.plist.xml; path = Entitlements.plist; sourceTree = "<group>"; };
		E10FEA071E7ACF14009C2DA7 /* ViewController.swift */ = {isa = PBXFileReference; fileEncoding = 4; lastKnownFileType = sourcecode.swift; path = ViewController.swift; sourceTree = "<group>"; };
		E10FEA091E7ACF5B009C2DA7 /* TestAnnotationView.swift */ = {isa = PBXFileReference; fileEncoding = 4; lastKnownFileType = sourcecode.swift; path = TestAnnotationView.swift; sourceTree = "<group>"; };
		E11E3DA41E73CB840001FBF0 /* TableVC.swift */ = {isa = PBXFileReference; fileEncoding = 4; lastKnownFileType = sourcecode.swift; path = TableVC.swift; sourceTree = "<group>"; };
		E11E3DA61E73D1850001FBF0 /* MapViewController.swift */ = {isa = PBXFileReference; fileEncoding = 4; lastKnownFileType = sourcecode.swift; path = MapViewController.swift; sourceTree = "<group>"; };
		E11E3DAC1E73D1ED0001FBF0 /* SettingsViewController.swift */ = {isa = PBXFileReference; fileEncoding = 4; lastKnownFileType = sourcecode.swift; path = SettingsViewController.swift; sourceTree = "<group>"; };
		E133E49A1E7548D100523A55 /* HomepageViewController.swift */ = {isa = PBXFileReference; fileEncoding = 4; lastKnownFileType = sourcecode.swift; path = HomepageViewController.swift; sourceTree = "<group>"; };
		E133E49C1E754AF000523A55 /* LoginViewController.swift */ = {isa = PBXFileReference; fileEncoding = 4; lastKnownFileType = sourcecode.swift; path = LoginViewController.swift; sourceTree = "<group>"; };
		E133E49E1E754AF900523A55 /* RegisterViewController.swift */ = {isa = PBXFileReference; fileEncoding = 4; lastKnownFileType = sourcecode.swift; path = RegisterViewController.swift; sourceTree = "<group>"; };
		E133E4A31E75532900523A55 /* IQNSArray+Sort.swift */ = {isa = PBXFileReference; fileEncoding = 4; lastKnownFileType = sourcecode.swift; path = "IQNSArray+Sort.swift"; sourceTree = "<group>"; };
		E133E4A41E75532900523A55 /* IQUIScrollView+Additions.swift */ = {isa = PBXFileReference; fileEncoding = 4; lastKnownFileType = sourcecode.swift; path = "IQUIScrollView+Additions.swift"; sourceTree = "<group>"; };
		E133E4A51E75532900523A55 /* IQUITextFieldView+Additions.swift */ = {isa = PBXFileReference; fileEncoding = 4; lastKnownFileType = sourcecode.swift; path = "IQUITextFieldView+Additions.swift"; sourceTree = "<group>"; };
		E133E4A61E75532900523A55 /* IQUIView+Hierarchy.swift */ = {isa = PBXFileReference; fileEncoding = 4; lastKnownFileType = sourcecode.swift; path = "IQUIView+Hierarchy.swift"; sourceTree = "<group>"; };
		E133E4A71E75532900523A55 /* IQUIViewController+Additions.swift */ = {isa = PBXFileReference; fileEncoding = 4; lastKnownFileType = sourcecode.swift; path = "IQUIViewController+Additions.swift"; sourceTree = "<group>"; };
		E133E4A81E75532900523A55 /* IQUIWindow+Hierarchy.swift */ = {isa = PBXFileReference; fileEncoding = 4; lastKnownFileType = sourcecode.swift; path = "IQUIWindow+Hierarchy.swift"; sourceTree = "<group>"; };
		E133E4AA1E75532900523A55 /* IQKeyboardManagerConstants.swift */ = {isa = PBXFileReference; fileEncoding = 4; lastKnownFileType = sourcecode.swift; path = IQKeyboardManagerConstants.swift; sourceTree = "<group>"; };
		E133E4AB1E75532900523A55 /* IQKeyboardManagerConstantsInternal.swift */ = {isa = PBXFileReference; fileEncoding = 4; lastKnownFileType = sourcecode.swift; path = IQKeyboardManagerConstantsInternal.swift; sourceTree = "<group>"; };
		E133E4AC1E75532900523A55 /* IQKeyboardManager.swift */ = {isa = PBXFileReference; fileEncoding = 4; lastKnownFileType = sourcecode.swift; path = IQKeyboardManager.swift; sourceTree = "<group>"; };
		E133E4AD1E75532900523A55 /* IQKeyboardManagerSwift.h */ = {isa = PBXFileReference; fileEncoding = 4; lastKnownFileType = sourcecode.c.h; path = IQKeyboardManagerSwift.h; sourceTree = "<group>"; };
		E133E4AE1E75532900523A55 /* IQKeyboardReturnKeyHandler.swift */ = {isa = PBXFileReference; fileEncoding = 4; lastKnownFileType = sourcecode.swift; path = IQKeyboardReturnKeyHandler.swift; sourceTree = "<group>"; };
		E133E4B01E75532900523A55 /* IQTextView.swift */ = {isa = PBXFileReference; fileEncoding = 4; lastKnownFileType = sourcecode.swift; path = IQTextView.swift; sourceTree = "<group>"; };
		E133E4B21E75532900523A55 /* IQBarButtonItem.swift */ = {isa = PBXFileReference; fileEncoding = 4; lastKnownFileType = sourcecode.swift; path = IQBarButtonItem.swift; sourceTree = "<group>"; };
		E133E4B31E75532900523A55 /* IQPreviousNextView.swift */ = {isa = PBXFileReference; fileEncoding = 4; lastKnownFileType = sourcecode.swift; path = IQPreviousNextView.swift; sourceTree = "<group>"; };
		E133E4B41E75532900523A55 /* IQTitleBarButtonItem.swift */ = {isa = PBXFileReference; fileEncoding = 4; lastKnownFileType = sourcecode.swift; path = IQTitleBarButtonItem.swift; sourceTree = "<group>"; };
		E133E4B51E75532900523A55 /* IQToolbar.swift */ = {isa = PBXFileReference; fileEncoding = 4; lastKnownFileType = sourcecode.swift; path = IQToolbar.swift; sourceTree = "<group>"; };
		E133E4B61E75532900523A55 /* IQUIView+IQKeyboardToolbar.swift */ = {isa = PBXFileReference; fileEncoding = 4; lastKnownFileType = sourcecode.swift; path = "IQUIView+IQKeyboardToolbar.swift"; sourceTree = "<group>"; };
		E133E4B81E75532900523A55 /* IQKeyboardManager.bundle */ = {isa = PBXFileReference; lastKnownFileType = "wrapper.plug-in"; path = IQKeyboardManager.bundle; sourceTree = "<group>"; };
		E133E4CA1E75723E00523A55 /* ViewNotesViewController.swift */ = {isa = PBXFileReference; fileEncoding = 4; lastKnownFileType = sourcecode.swift; path = ViewNotesViewController.swift; sourceTree = "<group>"; };
		E133E4D31E75A28300523A55 /* AR.swift */ = {isa = PBXFileReference; fileEncoding = 4; lastKnownFileType = sourcecode.swift; path = AR.swift; sourceTree = "<group>"; };
		E133E4D51E75A6B100523A55 /* ARAnnotation.swift */ = {isa = PBXFileReference; fileEncoding = 4; lastKnownFileType = sourcecode.swift; name = ARAnnotation.swift; path = HDAugmentedReality/Classes/ARAnnotation.swift; sourceTree = "<group>"; };
		E133E4D61E75A6B100523A55 /* ARAnnotationView.swift */ = {isa = PBXFileReference; fileEncoding = 4; lastKnownFileType = sourcecode.swift; name = ARAnnotationView.swift; path = HDAugmentedReality/Classes/ARAnnotationView.swift; sourceTree = "<group>"; };
		E133E4D71E75A6B100523A55 /* ARConfiguration.swift */ = {isa = PBXFileReference; fileEncoding = 4; lastKnownFileType = sourcecode.swift; name = ARConfiguration.swift; path = HDAugmentedReality/Classes/ARConfiguration.swift; sourceTree = "<group>"; };
		E133E4D81E75A6B100523A55 /* ARTrackingManager.swift */ = {isa = PBXFileReference; fileEncoding = 4; lastKnownFileType = sourcecode.swift; name = ARTrackingManager.swift; path = HDAugmentedReality/Classes/ARTrackingManager.swift; sourceTree = "<group>"; };
		E133E4D91E75A6B100523A55 /* ARViewController.swift */ = {isa = PBXFileReference; fileEncoding = 4; lastKnownFileType = sourcecode.swift; name = ARViewController.swift; path = HDAugmentedReality/Classes/ARViewController.swift; sourceTree = "<group>"; };
		E133E4DA1E75A6B100523A55 /* DebugMapViewController.swift */ = {isa = PBXFileReference; fileEncoding = 4; lastKnownFileType = sourcecode.swift; name = DebugMapViewController.swift; path = HDAugmentedReality/Classes/Debug/DebugMapViewController.swift; sourceTree = "<group>"; };
		E133E4DB1E75A6B100523A55 /* DebugMapViewController.xib */ = {isa = PBXFileReference; fileEncoding = 4; lastKnownFileType = file.xib; name = DebugMapViewController.xib; path = HDAugmentedReality/Resources/DebugMapViewController.xib; sourceTree = "<group>"; };
		E133E4DC1E75A6B100523A55 /* hdar_close.png */ = {isa = PBXFileReference; lastKnownFileType = image.png; name = hdar_close.png; path = HDAugmentedReality/Resources/hdar_close.png; sourceTree = "<group>"; };
		E133E4DD1E75A6B100523A55 /* hdar_close@2x.png */ = {isa = PBXFileReference; lastKnownFileType = image.png; name = "hdar_close@2x.png"; path = "HDAugmentedReality/Resources/hdar_close@2x.png"; sourceTree = "<group>"; };
		E133E4DE1E75A6B100523A55 /* hdar_close@3x.png */ = {isa = PBXFileReference; lastKnownFileType = image.png; name = "hdar_close@3x.png"; path = "HDAugmentedReality/Resources/hdar_close@3x.png"; sourceTree = "<group>"; };
		E133E4E01E75A6B100523A55 /* HDAugmentedReality.modulemap */ = {isa = PBXFileReference; fileEncoding = 4; lastKnownFileType = "sourcecode.module-map"; path = HDAugmentedReality.modulemap; sourceTree = "<group>"; };
		E133E4E11E75A6B100523A55 /* HDAugmentedReality.xcconfig */ = {isa = PBXFileReference; fileEncoding = 4; lastKnownFileType = text.xcconfig; path = HDAugmentedReality.xcconfig; sourceTree = "<group>"; };
		E133E4E21E75A6B100523A55 /* HDAugmentedReality-dummy.m */ = {isa = PBXFileReference; fileEncoding = 4; lastKnownFileType = sourcecode.c.objc; path = "HDAugmentedReality-dummy.m"; sourceTree = "<group>"; };
		E133E4E31E75A6B100523A55 /* HDAugmentedReality-prefix.pch */ = {isa = PBXFileReference; fileEncoding = 4; lastKnownFileType = sourcecode.c.h; path = "HDAugmentedReality-prefix.pch"; sourceTree = "<group>"; };
		E133E4E41E75A6B100523A55 /* HDAugmentedReality-umbrella.h */ = {isa = PBXFileReference; fileEncoding = 4; lastKnownFileType = sourcecode.c.h; path = "HDAugmentedReality-umbrella.h"; sourceTree = "<group>"; };
		E133E4E51E75A6B100523A55 /* Info.plist */ = {isa = PBXFileReference; fileEncoding = 4; lastKnownFileType = text.plist.xml; path = Info.plist; sourceTree = "<group>"; };
		E17E05A41E73FF910035A646 /* PostViewController.swift */ = {isa = PBXFileReference; fileEncoding = 4; lastKnownFileType = sourcecode.swift; path = PostViewController.swift; sourceTree = "<group>"; };
		E17E05A61E740C820035A646 /* Assets.xcassets */ = {isa = PBXFileReference; lastKnownFileType = folder.assetcatalog; path = Assets.xcassets; sourceTree = "<group>"; };
		E17E05AA1E741FBA0035A646 /* GoogleService-Info.plist */ = {isa = PBXFileReference; fileEncoding = 4; lastKnownFileType = text.plist.xml; path = "GoogleService-Info.plist"; sourceTree = "<group>"; };
		E1DB95031E73B79F002958A9 /* notesNearby_iOS_final.app */ = {isa = PBXFileReference; explicitFileType = wrapper.application; includeInIndex = 0; path = notesNearby_iOS_final.app; sourceTree = BUILT_PRODUCTS_DIR; };
		E1DB95061E73B79F002958A9 /* AppDelegate.swift */ = {isa = PBXFileReference; lastKnownFileType = sourcecode.swift; path = AppDelegate.swift; sourceTree = "<group>"; };
		E1DB950B1E73B79F002958A9 /* Base */ = {isa = PBXFileReference; lastKnownFileType = file.storyboard; name = Base; path = Base.lproj/Main.storyboard; sourceTree = "<group>"; };
		E1DB950E1E73B79F002958A9 /* notesNearby_iOS_final.xcdatamodel */ = {isa = PBXFileReference; lastKnownFileType = wrapper.xcdatamodel; path = notesNearby_iOS_final.xcdatamodel; sourceTree = "<group>"; };
		E1DB95131E73B79F002958A9 /* Base */ = {isa = PBXFileReference; lastKnownFileType = file.storyboard; name = Base; path = Base.lproj/LaunchScreen.storyboard; sourceTree = "<group>"; };
		E1DB95151E73B79F002958A9 /* Info.plist */ = {isa = PBXFileReference; lastKnownFileType = text.plist.xml; path = Info.plist; sourceTree = "<group>"; };
		E1DB951A1E73B79F002958A9 /* notesNearby_iOS_finalTests.xctest */ = {isa = PBXFileReference; explicitFileType = wrapper.cfbundle; includeInIndex = 0; path = notesNearby_iOS_finalTests.xctest; sourceTree = BUILT_PRODUCTS_DIR; };
		E1DB951E1E73B79F002958A9 /* notesNearby_iOS_finalTests.swift */ = {isa = PBXFileReference; lastKnownFileType = sourcecode.swift; path = notesNearby_iOS_finalTests.swift; sourceTree = "<group>"; };
		E1DB95201E73B79F002958A9 /* Info.plist */ = {isa = PBXFileReference; lastKnownFileType = text.plist.xml; path = Info.plist; sourceTree = "<group>"; };
		E1DB95251E73B79F002958A9 /* notesNearby_iOS_finalUITests.xctest */ = {isa = PBXFileReference; explicitFileType = wrapper.cfbundle; includeInIndex = 0; path = notesNearby_iOS_finalUITests.xctest; sourceTree = BUILT_PRODUCTS_DIR; };
		E1DB95291E73B79F002958A9 /* notesNearby_iOS_finalUITests.swift */ = {isa = PBXFileReference; lastKnownFileType = sourcecode.swift; path = notesNearby_iOS_finalUITests.swift; sourceTree = "<group>"; };
		E1DB952B1E73B79F002958A9 /* Info.plist */ = {isa = PBXFileReference; lastKnownFileType = text.plist.xml; path = Info.plist; sourceTree = "<group>"; };
		E1DB95381E73BFE1002958A9 /* notesNearby_iOS_final-Bridging-Header.h */ = {isa = PBXFileReference; lastKnownFileType = sourcecode.c.h; path = "notesNearby_iOS_final-Bridging-Header.h"; sourceTree = "<group>"; };
		E1DB95391E73BFE2002958A9 /* SWRevealViewController.h */ = {isa = PBXFileReference; fileEncoding = 4; lastKnownFileType = sourcecode.c.h; path = SWRevealViewController.h; sourceTree = "<group>"; };
		E1DB953A1E73BFE2002958A9 /* SWRevealViewController.m */ = {isa = PBXFileReference; fileEncoding = 4; lastKnownFileType = sourcecode.c.objc; path = SWRevealViewController.m; sourceTree = "<group>"; };
		E3A76DFF6ED000DECA74E031 /* Pods_notesNearby_iOS_finalUITests.framework */ = {isa = PBXFileReference; explicitFileType = wrapper.framework; includeInIndex = 0; path = Pods_notesNearby_iOS_finalUITests.framework; sourceTree = BUILT_PRODUCTS_DIR; };
		E94574827B7760FD604A980E /* Pods_notesNearby_iOS_finalTests.framework */ = {isa = PBXFileReference; explicitFileType = wrapper.framework; includeInIndex = 0; path = Pods_notesNearby_iOS_finalTests.framework; sourceTree = BUILT_PRODUCTS_DIR; };
/* End PBXFileReference section */

/* Begin PBXFrameworksBuildPhase section */
		E1DB95001E73B79F002958A9 /* Frameworks */ = {
			isa = PBXFrameworksBuildPhase;
			buildActionMask = 2147483647;
			files = (
				5F4C74AFACA6AC42D91E82AD /* Pods_notesNearby_iOS_final.framework in Frameworks */,
			);
			runOnlyForDeploymentPostprocessing = 0;
		};
		E1DB95171E73B79F002958A9 /* Frameworks */ = {
			isa = PBXFrameworksBuildPhase;
			buildActionMask = 2147483647;
			files = (
				9D10F4D983E520770C371339 /* Pods_notesNearby_iOS_finalTests.framework in Frameworks */,
			);
			runOnlyForDeploymentPostprocessing = 0;
		};
		E1DB95221E73B79F002958A9 /* Frameworks */ = {
			isa = PBXFrameworksBuildPhase;
			buildActionMask = 2147483647;
			files = (
				BCFA52574831E78557DA8939 /* Pods_notesNearby_iOS_finalUITests.framework in Frameworks */,
			);
			runOnlyForDeploymentPostprocessing = 0;
		};
/* End PBXFrameworksBuildPhase section */

/* Begin PBXGroup section */
		48C4F37828B2DA49ADB86C13 /* Pods */ = {
			isa = PBXGroup;
			children = (
				B5695566426F344127A923BE /* Pods-notesNearby_iOS_final.debug.xcconfig */,
				52B8B3978A4FB71A74EAE770 /* Pods-notesNearby_iOS_final.release.xcconfig */,
				92E739F23A121CB927331481 /* Pods-notesNearby_iOS_finalTests.debug.xcconfig */,
				CC52CF0868E2676F8FF58C8C /* Pods-notesNearby_iOS_finalTests.release.xcconfig */,
				B8F693277493CC500059DDB4 /* Pods-notesNearby_iOS_finalUITests.debug.xcconfig */,
				B6E1D2B7D269FCC66EDFE9D1 /* Pods-notesNearby_iOS_finalUITests.release.xcconfig */,
			);
			name = Pods;
			sourceTree = "<group>";
		};
		B29C9702FC42B96514665255 /* Frameworks */ = {
			isa = PBXGroup;
			children = (
				B51938E28DA271728C436E77 /* Pods_notesNearby_iOS_final.framework */,
				E94574827B7760FD604A980E /* Pods_notesNearby_iOS_finalTests.framework */,
				E3A76DFF6ED000DECA74E031 /* Pods_notesNearby_iOS_finalUITests.framework */,
			);
			name = Frameworks;
			sourceTree = "<group>";
		};
		E10FEA061E7ACE86009C2DA7 /* AR */ = {
			isa = PBXGroup;
			children = (
				E10FEA071E7ACF14009C2DA7 /* ViewController.swift */,
				E10FEA091E7ACF5B009C2DA7 /* TestAnnotationView.swift */,
			);
			name = AR;
			sourceTree = "<group>";
		};
		E11E3DA91E73D19C0001FBF0 /* Table Functionalities */ = {
			isa = PBXGroup;
			children = (
				E11E3DA41E73CB840001FBF0 /* TableVC.swift */,
				E11E3DA61E73D1850001FBF0 /* MapViewController.swift */,
				E11E3DAC1E73D1ED0001FBF0 /* SettingsViewController.swift */,
				E133E4CA1E75723E00523A55 /* ViewNotesViewController.swift */,
			);
			name = "Table Functionalities";
			sourceTree = "<group>";
		};
		E133E4A01E754AFF00523A55 /* Auth */ = {
			isa = PBXGroup;
			children = (
				E133E49A1E7548D100523A55 /* HomepageViewController.swift */,
				E133E49C1E754AF000523A55 /* LoginViewController.swift */,
				E133E49E1E754AF900523A55 /* RegisterViewController.swift */,
			);
			name = Auth;
			sourceTree = "<group>";
		};
		E133E4A11E75532900523A55 /* IQKeyboardManagerSwift */ = {
			isa = PBXGroup;
			children = (
				E133E4A21E75532900523A55 /* Categories */,
				E133E4A91E75532900523A55 /* Constants */,
				E133E4AC1E75532900523A55 /* IQKeyboardManager.swift */,
				E133E4AD1E75532900523A55 /* IQKeyboardManagerSwift.h */,
				E133E4AE1E75532900523A55 /* IQKeyboardReturnKeyHandler.swift */,
				E133E4AF1E75532900523A55 /* IQTextView */,
				E133E4B11E75532900523A55 /* IQToolbar */,
				E133E4B71E75532900523A55 /* Resources */,
			);
			path = IQKeyboardManagerSwift;
			sourceTree = "<group>";
		};
		E133E4A21E75532900523A55 /* Categories */ = {
			isa = PBXGroup;
			children = (
				E133E4A31E75532900523A55 /* IQNSArray+Sort.swift */,
				E133E4A41E75532900523A55 /* IQUIScrollView+Additions.swift */,
				E133E4A51E75532900523A55 /* IQUITextFieldView+Additions.swift */,
				E133E4A61E75532900523A55 /* IQUIView+Hierarchy.swift */,
				E133E4A71E75532900523A55 /* IQUIViewController+Additions.swift */,
				E133E4A81E75532900523A55 /* IQUIWindow+Hierarchy.swift */,
			);
			path = Categories;
			sourceTree = "<group>";
		};
		E133E4A91E75532900523A55 /* Constants */ = {
			isa = PBXGroup;
			children = (
				E133E4AA1E75532900523A55 /* IQKeyboardManagerConstants.swift */,
				E133E4AB1E75532900523A55 /* IQKeyboardManagerConstantsInternal.swift */,
			);
			path = Constants;
			sourceTree = "<group>";
		};
		E133E4AF1E75532900523A55 /* IQTextView */ = {
			isa = PBXGroup;
			children = (
				E133E4B01E75532900523A55 /* IQTextView.swift */,
			);
			path = IQTextView;
			sourceTree = "<group>";
		};
		E133E4B11E75532900523A55 /* IQToolbar */ = {
			isa = PBXGroup;
			children = (
				E133E4B21E75532900523A55 /* IQBarButtonItem.swift */,
				E133E4B31E75532900523A55 /* IQPreviousNextView.swift */,
				E133E4B41E75532900523A55 /* IQTitleBarButtonItem.swift */,
				E133E4B51E75532900523A55 /* IQToolbar.swift */,
				E133E4B61E75532900523A55 /* IQUIView+IQKeyboardToolbar.swift */,
			);
			path = IQToolbar;
			sourceTree = "<group>";
		};
		E133E4B71E75532900523A55 /* Resources */ = {
			isa = PBXGroup;
			children = (
				E133E4B81E75532900523A55 /* IQKeyboardManager.bundle */,
			);
			path = Resources;
			sourceTree = "<group>";
		};
		E133E4D01E75A22700523A55 /* Map Functionalities */ = {
			isa = PBXGroup;
			children = (
				E17E05A41E73FF910035A646 /* PostViewController.swift */,
				E133E4D31E75A28300523A55 /* AR.swift */,
			);
			name = "Map Functionalities";
			sourceTree = "<group>";
		};
		E133E4DF1E75A6B100523A55 /* Resources */ = {
			isa = PBXGroup;
			children = (
				E133E4DB1E75A6B100523A55 /* DebugMapViewController.xib */,
				E133E4DC1E75A6B100523A55 /* hdar_close.png */,
				E133E4DD1E75A6B100523A55 /* hdar_close@2x.png */,
				E133E4DE1E75A6B100523A55 /* hdar_close@3x.png */,
			);
			name = Resources;
			sourceTree = "<group>";
		};
		E133E4E61E75A6B100523A55 /* Support Files */ = {
			isa = PBXGroup;
			children = (
				E133E4E01E75A6B100523A55 /* HDAugmentedReality.modulemap */,
				E133E4E11E75A6B100523A55 /* HDAugmentedReality.xcconfig */,
				E133E4E21E75A6B100523A55 /* HDAugmentedReality-dummy.m */,
				E133E4E31E75A6B100523A55 /* HDAugmentedReality-prefix.pch */,
				E133E4E41E75A6B100523A55 /* HDAugmentedReality-umbrella.h */,
				E133E4E51E75A6B100523A55 /* Info.plist */,
			);
			name = "Support Files";
			path = "../Target Support Files/HDAugmentedReality";
			sourceTree = "<group>";
		};
		E133E4E71E75A6B100523A55 /* HDAugmentedReality */ = {
			isa = PBXGroup;
			children = (
				E133E4D51E75A6B100523A55 /* ARAnnotation.swift */,
				E133E4D61E75A6B100523A55 /* ARAnnotationView.swift */,
				E133E4D71E75A6B100523A55 /* ARConfiguration.swift */,
				E133E4D81E75A6B100523A55 /* ARTrackingManager.swift */,
				E133E4D91E75A6B100523A55 /* ARViewController.swift */,
				E133E4DA1E75A6B100523A55 /* DebugMapViewController.swift */,
				E133E4DF1E75A6B100523A55 /* Resources */,
				E133E4E61E75A6B100523A55 /* Support Files */,
			);
			name = HDAugmentedReality;
			path = ../Pods/HDAugmentedReality;
			sourceTree = "<group>";
		};
		E1DB94FA1E73B79F002958A9 = {
			isa = PBXGroup;
			children = (
				E107DD5F1E80259000C61751 /* Entitlements.plist */,
				E1DB95051E73B79F002958A9 /* notesNearby_iOS_final */,
				E1DB951D1E73B79F002958A9 /* notesNearby_iOS_finalTests */,
				E1DB95281E73B79F002958A9 /* notesNearby_iOS_finalUITests */,
				E1DB95041E73B79F002958A9 /* Products */,
				48C4F37828B2DA49ADB86C13 /* Pods */,
				B29C9702FC42B96514665255 /* Frameworks */,
			);
			sourceTree = "<group>";
		};
		E1DB95041E73B79F002958A9 /* Products */ = {
			isa = PBXGroup;
			children = (
				E1DB95031E73B79F002958A9 /* notesNearby_iOS_final.app */,
				E1DB951A1E73B79F002958A9 /* notesNearby_iOS_finalTests.xctest */,
				E1DB95251E73B79F002958A9 /* notesNearby_iOS_finalUITests.xctest */,
			);
			name = Products;
			sourceTree = "<group>";
		};
		E1DB95051E73B79F002958A9 /* notesNearby_iOS_final */ = {
			isa = PBXGroup;
			children = (
				E10FEA061E7ACE86009C2DA7 /* AR */,
				E133E4D01E75A22700523A55 /* Map Functionalities */,
				E133E4A11E75532900523A55 /* IQKeyboardManagerSwift */,
				E133E4A01E754AFF00523A55 /* Auth */,
				E11E3DA91E73D19C0001FBF0 /* Table Functionalities */,
				E1DB95371E73BF74002958A9 /* SWViewController */,
				E1DB95061E73B79F002958A9 /* AppDelegate.swift */,
				E1DB950A1E73B79F002958A9 /* Main.storyboard */,
				E17E05A61E740C820035A646 /* Assets.xcassets */,
				E1DB95121E73B79F002958A9 /* LaunchScreen.storyboard */,
				E133E4E71E75A6B100523A55 /* HDAugmentedReality */,
				E1DB95151E73B79F002958A9 /* Info.plist */,
				E17E05AA1E741FBA0035A646 /* GoogleService-Info.plist */,
				E1DB950D1E73B79F002958A9 /* notesNearby_iOS_final.xcdatamodeld */,
			);
			path = notesNearby_iOS_final;
			sourceTree = "<group>";
		};
		E1DB951D1E73B79F002958A9 /* notesNearby_iOS_finalTests */ = {
			isa = PBXGroup;
			children = (
				E1DB951E1E73B79F002958A9 /* notesNearby_iOS_finalTests.swift */,
				E1DB95201E73B79F002958A9 /* Info.plist */,
			);
			path = notesNearby_iOS_finalTests;
			sourceTree = "<group>";
		};
		E1DB95281E73B79F002958A9 /* notesNearby_iOS_finalUITests */ = {
			isa = PBXGroup;
			children = (
				E1DB95291E73B79F002958A9 /* notesNearby_iOS_finalUITests.swift */,
				E1DB952B1E73B79F002958A9 /* Info.plist */,
			);
			path = notesNearby_iOS_finalUITests;
			sourceTree = "<group>";
		};
		E1DB95371E73BF74002958A9 /* SWViewController */ = {
			isa = PBXGroup;
			children = (
				E1DB95391E73BFE2002958A9 /* SWRevealViewController.h */,
				E1DB953A1E73BFE2002958A9 /* SWRevealViewController.m */,
				E1DB95381E73BFE1002958A9 /* notesNearby_iOS_final-Bridging-Header.h */,
			);
			name = SWViewController;
			sourceTree = "<group>";
		};
/* End PBXGroup section */

/* Begin PBXNativeTarget section */
		E1DB95021E73B79F002958A9 /* notesNearby_iOS_final */ = {
			isa = PBXNativeTarget;
			buildConfigurationList = E1DB952E1E73B79F002958A9 /* Build configuration list for PBXNativeTarget "notesNearby_iOS_final" */;
			buildPhases = (
				DFC9DFF6338750CC036F54AF /* [CP] Check Pods Manifest.lock */,
				E1DB94FF1E73B79F002958A9 /* Sources */,
				E1DB95001E73B79F002958A9 /* Frameworks */,
				E1DB95011E73B79F002958A9 /* Resources */,
				C5B2F1FDFCF18D57F0477B03 /* [CP] Embed Pods Frameworks */,
				90E827D50ADD4BA0CBB4D017 /* [CP] Copy Pods Resources */,
			);
			buildRules = (
			);
			dependencies = (
			);
			name = notesNearby_iOS_final;
			productName = notesNearby_iOS_final;
			productReference = E1DB95031E73B79F002958A9 /* notesNearby_iOS_final.app */;
			productType = "com.apple.product-type.application";
		};
		E1DB95191E73B79F002958A9 /* notesNearby_iOS_finalTests */ = {
			isa = PBXNativeTarget;
			buildConfigurationList = E1DB95311E73B79F002958A9 /* Build configuration list for PBXNativeTarget "notesNearby_iOS_finalTests" */;
			buildPhases = (
				0ED6C86FC23F3E3DA9C24733 /* [CP] Check Pods Manifest.lock */,
				E1DB95161E73B79F002958A9 /* Sources */,
				E1DB95171E73B79F002958A9 /* Frameworks */,
				E1DB95181E73B79F002958A9 /* Resources */,
				DC24DD76CE5C4DF2A7667334 /* [CP] Embed Pods Frameworks */,
				7B009FEF27319C7BF1E0BE39 /* [CP] Copy Pods Resources */,
			);
			buildRules = (
			);
			dependencies = (
				E1DB951C1E73B79F002958A9 /* PBXTargetDependency */,
			);
			name = notesNearby_iOS_finalTests;
			productName = notesNearby_iOS_finalTests;
			productReference = E1DB951A1E73B79F002958A9 /* notesNearby_iOS_finalTests.xctest */;
			productType = "com.apple.product-type.bundle.unit-test";
		};
		E1DB95241E73B79F002958A9 /* notesNearby_iOS_finalUITests */ = {
			isa = PBXNativeTarget;
			buildConfigurationList = E1DB95341E73B79F002958A9 /* Build configuration list for PBXNativeTarget "notesNearby_iOS_finalUITests" */;
			buildPhases = (
				9C1C2CF97A7B2822699941A5 /* [CP] Check Pods Manifest.lock */,
				E1DB95211E73B79F002958A9 /* Sources */,
				E1DB95221E73B79F002958A9 /* Frameworks */,
				E1DB95231E73B79F002958A9 /* Resources */,
				56C53BD0921060A322C02E37 /* [CP] Embed Pods Frameworks */,
				B9DC97DA473BE6BB17236C1D /* [CP] Copy Pods Resources */,
			);
			buildRules = (
			);
			dependencies = (
				E1DB95271E73B79F002958A9 /* PBXTargetDependency */,
			);
			name = notesNearby_iOS_finalUITests;
			productName = notesNearby_iOS_finalUITests;
			productReference = E1DB95251E73B79F002958A9 /* notesNearby_iOS_finalUITests.xctest */;
			productType = "com.apple.product-type.bundle.ui-testing";
		};
/* End PBXNativeTarget section */

/* Begin PBXProject section */
		E1DB94FB1E73B79F002958A9 /* Project object */ = {
			isa = PBXProject;
			attributes = {
				LastSwiftUpdateCheck = 0820;
				LastUpgradeCheck = 0820;
				ORGANIZATIONNAME = "Aiman Abdullah Anees";
				TargetAttributes = {
					E1DB95021E73B79F002958A9 = {
						CreatedOnToolsVersion = 8.2.1;
						DevelopmentTeam = XW73GFFZH2;
						LastSwiftMigration = 0820;
						ProvisioningStyle = Automatic;
					};
					E1DB95191E73B79F002958A9 = {
						CreatedOnToolsVersion = 8.2.1;
						DevelopmentTeam = V6PZYKT7A6;
						ProvisioningStyle = Automatic;
						TestTargetID = E1DB95021E73B79F002958A9;
					};
					E1DB95241E73B79F002958A9 = {
						CreatedOnToolsVersion = 8.2.1;
						DevelopmentTeam = V6PZYKT7A6;
						ProvisioningStyle = Automatic;
						TestTargetID = E1DB95021E73B79F002958A9;
					};
				};
			};
			buildConfigurationList = E1DB94FE1E73B79F002958A9 /* Build configuration list for PBXProject "notesNearby_iOS_final" */;
			compatibilityVersion = "Xcode 3.2";
			developmentRegion = English;
			hasScannedForEncodings = 0;
			knownRegions = (
				en,
				Base,
			);
			mainGroup = E1DB94FA1E73B79F002958A9;
			productRefGroup = E1DB95041E73B79F002958A9 /* Products */;
			projectDirPath = "";
			projectRoot = "";
			targets = (
				E1DB95021E73B79F002958A9 /* notesNearby_iOS_final */,
				E1DB95191E73B79F002958A9 /* notesNearby_iOS_finalTests */,
				E1DB95241E73B79F002958A9 /* notesNearby_iOS_finalUITests */,
			);
		};
/* End PBXProject section */

/* Begin PBXResourcesBuildPhase section */
		E1DB95011E73B79F002958A9 /* Resources */ = {
			isa = PBXResourcesBuildPhase;
			buildActionMask = 2147483647;
			files = (
				E107DD601E80259000C61751 /* Entitlements.plist in Resources */,
				E133E4C91E75532900523A55 /* IQKeyboardManager.bundle in Resources */,
				E1DB95141E73B79F002958A9 /* LaunchScreen.storyboard in Resources */,
				E133E4F21E75A6B200523A55 /* HDAugmentedReality.xcconfig in Resources */,
				E133E4F01E75A6B200523A55 /* hdar_close@2x.png in Resources */,
				E17E05AB1E741FBA0035A646 /* GoogleService-Info.plist in Resources */,
				E17E05A71E740C820035A646 /* Assets.xcassets in Resources */,
				E1DB950C1E73B79F002958A9 /* Main.storyboard in Resources */,
				E133E4EF1E75A6B200523A55 /* hdar_close.png in Resources */,
				E133E4F41E75A6B200523A55 /* Info.plist in Resources */,
				E133E4F11E75A6B200523A55 /* hdar_close@3x.png in Resources */,
				E133E4EE1E75A6B200523A55 /* DebugMapViewController.xib in Resources */,
			);
			runOnlyForDeploymentPostprocessing = 0;
		};
		E1DB95181E73B79F002958A9 /* Resources */ = {
			isa = PBXResourcesBuildPhase;
			buildActionMask = 2147483647;
			files = (
			);
			runOnlyForDeploymentPostprocessing = 0;
		};
		E1DB95231E73B79F002958A9 /* Resources */ = {
			isa = PBXResourcesBuildPhase;
			buildActionMask = 2147483647;
			files = (
			);
			runOnlyForDeploymentPostprocessing = 0;
		};
/* End PBXResourcesBuildPhase section */

/* Begin PBXShellScriptBuildPhase section */
		0ED6C86FC23F3E3DA9C24733 /* [CP] Check Pods Manifest.lock */ = {
			isa = PBXShellScriptBuildPhase;
			buildActionMask = 2147483647;
			files = (
			);
			inputPaths = (
			);
			name = "[CP] Check Pods Manifest.lock";
			outputPaths = (
			);
			runOnlyForDeploymentPostprocessing = 0;
			shellPath = /bin/sh;
			shellScript = "diff \"${PODS_ROOT}/../Podfile.lock\" \"${PODS_ROOT}/Manifest.lock\" > /dev/null\nif [ $? != 0 ] ; then\n    # print error to STDERR\n    echo \"error: The sandbox is not in sync with the Podfile.lock. Run 'pod install' or update your CocoaPods installation.\" >&2\n    exit 1\nfi\n";
			showEnvVarsInLog = 0;
		};
		56C53BD0921060A322C02E37 /* [CP] Embed Pods Frameworks */ = {
			isa = PBXShellScriptBuildPhase;
			buildActionMask = 2147483647;
			files = (
			);
			inputPaths = (
			);
			name = "[CP] Embed Pods Frameworks";
			outputPaths = (
			);
			runOnlyForDeploymentPostprocessing = 0;
			shellPath = /bin/sh;
			shellScript = "\"${SRCROOT}/Pods/Target Support Files/Pods-notesNearby_iOS_finalUITests/Pods-notesNearby_iOS_finalUITests-frameworks.sh\"\n";
			showEnvVarsInLog = 0;
		};
		7B009FEF27319C7BF1E0BE39 /* [CP] Copy Pods Resources */ = {
			isa = PBXShellScriptBuildPhase;
			buildActionMask = 2147483647;
			files = (
			);
			inputPaths = (
			);
			name = "[CP] Copy Pods Resources";
			outputPaths = (
			);
			runOnlyForDeploymentPostprocessing = 0;
			shellPath = /bin/sh;
			shellScript = "\"${SRCROOT}/Pods/Target Support Files/Pods-notesNearby_iOS_finalTests/Pods-notesNearby_iOS_finalTests-resources.sh\"\n";
			showEnvVarsInLog = 0;
		};
		90E827D50ADD4BA0CBB4D017 /* [CP] Copy Pods Resources */ = {
			isa = PBXShellScriptBuildPhase;
			buildActionMask = 2147483647;
			files = (
			);
			inputPaths = (
			);
			name = "[CP] Copy Pods Resources";
			outputPaths = (
			);
			runOnlyForDeploymentPostprocessing = 0;
			shellPath = /bin/sh;
			shellScript = "\"${SRCROOT}/Pods/Target Support Files/Pods-notesNearby_iOS_final/Pods-notesNearby_iOS_final-resources.sh\"\n";
			showEnvVarsInLog = 0;
		};
		9C1C2CF97A7B2822699941A5 /* [CP] Check Pods Manifest.lock */ = {
			isa = PBXShellScriptBuildPhase;
			buildActionMask = 2147483647;
			files = (
			);
			inputPaths = (
			);
			name = "[CP] Check Pods Manifest.lock";
			outputPaths = (
			);
			runOnlyForDeploymentPostprocessing = 0;
			shellPath = /bin/sh;
			shellScript = "diff \"${PODS_ROOT}/../Podfile.lock\" \"${PODS_ROOT}/Manifest.lock\" > /dev/null\nif [ $? != 0 ] ; then\n    # print error to STDERR\n    echo \"error: The sandbox is not in sync with the Podfile.lock. Run 'pod install' or update your CocoaPods installation.\" >&2\n    exit 1\nfi\n";
			showEnvVarsInLog = 0;
		};
		B9DC97DA473BE6BB17236C1D /* [CP] Copy Pods Resources */ = {
			isa = PBXShellScriptBuildPhase;
			buildActionMask = 2147483647;
			files = (
			);
			inputPaths = (
			);
			name = "[CP] Copy Pods Resources";
			outputPaths = (
			);
			runOnlyForDeploymentPostprocessing = 0;
			shellPath = /bin/sh;
			shellScript = "\"${SRCROOT}/Pods/Target Support Files/Pods-notesNearby_iOS_finalUITests/Pods-notesNearby_iOS_finalUITests-resources.sh\"\n";
			showEnvVarsInLog = 0;
		};
		C5B2F1FDFCF18D57F0477B03 /* [CP] Embed Pods Frameworks */ = {
			isa = PBXShellScriptBuildPhase;
			buildActionMask = 2147483647;
			files = (
			);
			inputPaths = (
			);
			name = "[CP] Embed Pods Frameworks";
			outputPaths = (
			);
			runOnlyForDeploymentPostprocessing = 0;
			shellPath = /bin/sh;
			shellScript = "\"${SRCROOT}/Pods/Target Support Files/Pods-notesNearby_iOS_final/Pods-notesNearby_iOS_final-frameworks.sh\"\n";
			showEnvVarsInLog = 0;
		};
		DC24DD76CE5C4DF2A7667334 /* [CP] Embed Pods Frameworks */ = {
			isa = PBXShellScriptBuildPhase;
			buildActionMask = 2147483647;
			files = (
			);
			inputPaths = (
			);
			name = "[CP] Embed Pods Frameworks";
			outputPaths = (
			);
			runOnlyForDeploymentPostprocessing = 0;
			shellPath = /bin/sh;
			shellScript = "\"${SRCROOT}/Pods/Target Support Files/Pods-notesNearby_iOS_finalTests/Pods-notesNearby_iOS_finalTests-frameworks.sh\"\n";
			showEnvVarsInLog = 0;
		};
		DFC9DFF6338750CC036F54AF /* [CP] Check Pods Manifest.lock */ = {
			isa = PBXShellScriptBuildPhase;
			buildActionMask = 2147483647;
			files = (
			);
			inputPaths = (
			);
			name = "[CP] Check Pods Manifest.lock";
			outputPaths = (
			);
			runOnlyForDeploymentPostprocessing = 0;
			shellPath = /bin/sh;
			shellScript = "diff \"${PODS_ROOT}/../Podfile.lock\" \"${PODS_ROOT}/Manifest.lock\" > /dev/null\nif [ $? != 0 ] ; then\n    # print error to STDERR\n    echo \"error: The sandbox is not in sync with the Podfile.lock. Run 'pod install' or update your CocoaPods installation.\" >&2\n    exit 1\nfi\n";
			showEnvVarsInLog = 0;
		};
/* End PBXShellScriptBuildPhase section */

/* Begin PBXSourcesBuildPhase section */
		E1DB94FF1E73B79F002958A9 /* Sources */ = {
			isa = PBXSourcesBuildPhase;
			buildActionMask = 2147483647;
			files = (
				E133E4BC1E75532900523A55 /* IQUIView+Hierarchy.swift in Sources */,
				E17E05A51E73FF910035A646 /* PostViewController.swift in Sources */,
				E133E4C21E75532900523A55 /* IQKeyboardReturnKeyHandler.swift in Sources */,
				E133E4BE1E75532900523A55 /* IQUIWindow+Hierarchy.swift in Sources */,
				E133E4E91E75A6B200523A55 /* ARAnnotationView.swift in Sources */,
				E133E4CB1E75723E00523A55 /* ViewNotesViewController.swift in Sources */,
				E11E3DA71E73D1850001FBF0 /* MapViewController.swift in Sources */,
				E133E4C51E75532900523A55 /* IQPreviousNextView.swift in Sources */,
				E10FEA0A1E7ACF5B009C2DA7 /* TestAnnotationView.swift in Sources */,
				E133E49F1E754AF900523A55 /* RegisterViewController.swift in Sources */,
				E133E4C11E75532900523A55 /* IQKeyboardManager.swift in Sources */,
				E133E4B91E75532900523A55 /* IQNSArray+Sort.swift in Sources */,
				E133E4E81E75A6B200523A55 /* ARAnnotation.swift in Sources */,
				E133E4BB1E75532900523A55 /* IQUITextFieldView+Additions.swift in Sources */,
				E133E4EA1E75A6B200523A55 /* ARConfiguration.swift in Sources */,
				E133E4BD1E75532900523A55 /* IQUIViewController+Additions.swift in Sources */,
				E133E4C31E75532900523A55 /* IQTextView.swift in Sources */,
				E133E4BA1E75532900523A55 /* IQUIScrollView+Additions.swift in Sources */,
				E133E4ED1E75A6B200523A55 /* DebugMapViewController.swift in Sources */,
				E133E4C81E75532900523A55 /* IQUIView+IQKeyboardToolbar.swift in Sources */,
				E133E4C61E75532900523A55 /* IQTitleBarButtonItem.swift in Sources */,
				E133E4EB1E75A6B200523A55 /* ARTrackingManager.swift in Sources */,
				E133E4F31E75A6B200523A55 /* HDAugmentedReality-dummy.m in Sources */,
				E133E49B1E7548D100523A55 /* HomepageViewController.swift in Sources */,
				E133E4EC1E75A6B200523A55 /* ARViewController.swift in Sources */,
				E133E4C71E75532900523A55 /* IQToolbar.swift in Sources */,
				E1DB950F1E73B79F002958A9 /* notesNearby_iOS_final.xcdatamodeld in Sources */,
				E133E4BF1E75532900523A55 /* IQKeyboardManagerConstants.swift in Sources */,
				E1DB95071E73B79F002958A9 /* AppDelegate.swift in Sources */,
				E133E4C41E75532900523A55 /* IQBarButtonItem.swift in Sources */,
				E133E4D41E75A28300523A55 /* AR.swift in Sources */,
				E10FEA081E7ACF14009C2DA7 /* ViewController.swift in Sources */,
				E133E4C01E75532900523A55 /* IQKeyboardManagerConstantsInternal.swift in Sources */,
				E11E3DA51E73CB840001FBF0 /* TableVC.swift in Sources */,
				E1DB953B1E73BFE2002958A9 /* SWRevealViewController.m in Sources */,
				E11E3DAD1E73D1ED0001FBF0 /* SettingsViewController.swift in Sources */,
				E133E49D1E754AF000523A55 /* LoginViewController.swift in Sources */,
			);
			runOnlyForDeploymentPostprocessing = 0;
		};
		E1DB95161E73B79F002958A9 /* Sources */ = {
			isa = PBXSourcesBuildPhase;
			buildActionMask = 2147483647;
			files = (
				E1DB951F1E73B79F002958A9 /* notesNearby_iOS_finalTests.swift in Sources */,
			);
			runOnlyForDeploymentPostprocessing = 0;
		};
		E1DB95211E73B79F002958A9 /* Sources */ = {
			isa = PBXSourcesBuildPhase;
			buildActionMask = 2147483647;
			files = (
				E1DB952A1E73B79F002958A9 /* notesNearby_iOS_finalUITests.swift in Sources */,
			);
			runOnlyForDeploymentPostprocessing = 0;
		};
/* End PBXSourcesBuildPhase section */

/* Begin PBXTargetDependency section */
		E1DB951C1E73B79F002958A9 /* PBXTargetDependency */ = {
			isa = PBXTargetDependency;
			target = E1DB95021E73B79F002958A9 /* notesNearby_iOS_final */;
			targetProxy = E1DB951B1E73B79F002958A9 /* PBXContainerItemProxy */;
		};
		E1DB95271E73B79F002958A9 /* PBXTargetDependency */ = {
			isa = PBXTargetDependency;
			target = E1DB95021E73B79F002958A9 /* notesNearby_iOS_final */;
			targetProxy = E1DB95261E73B79F002958A9 /* PBXContainerItemProxy */;
		};
/* End PBXTargetDependency section */

/* Begin PBXVariantGroup section */
		E1DB950A1E73B79F002958A9 /* Main.storyboard */ = {
			isa = PBXVariantGroup;
			children = (
				E1DB950B1E73B79F002958A9 /* Base */,
			);
			name = Main.storyboard;
			sourceTree = "<group>";
		};
		E1DB95121E73B79F002958A9 /* LaunchScreen.storyboard */ = {
			isa = PBXVariantGroup;
			children = (
				E1DB95131E73B79F002958A9 /* Base */,
			);
			name = LaunchScreen.storyboard;
			sourceTree = "<group>";
		};
/* End PBXVariantGroup section */

/* Begin XCBuildConfiguration section */
		E1DB952C1E73B79F002958A9 /* Debug */ = {
			isa = XCBuildConfiguration;
			buildSettings = {
				ALWAYS_SEARCH_USER_PATHS = NO;
				CLANG_ANALYZER_NONNULL = YES;
				CLANG_CXX_LANGUAGE_STANDARD = "gnu++0x";
				CLANG_CXX_LIBRARY = "libc++";
				CLANG_ENABLE_MODULES = YES;
				CLANG_ENABLE_OBJC_ARC = YES;
				CLANG_WARN_BOOL_CONVERSION = YES;
				CLANG_WARN_CONSTANT_CONVERSION = YES;
				CLANG_WARN_DIRECT_OBJC_ISA_USAGE = YES_ERROR;
				CLANG_WARN_DOCUMENTATION_COMMENTS = YES;
				CLANG_WARN_EMPTY_BODY = YES;
				CLANG_WARN_ENUM_CONVERSION = YES;
				CLANG_WARN_INFINITE_RECURSION = YES;
				CLANG_WARN_INT_CONVERSION = YES;
				CLANG_WARN_OBJC_ROOT_CLASS = YES_ERROR;
				CLANG_WARN_SUSPICIOUS_MOVE = YES;
				CLANG_WARN_UNREACHABLE_CODE = YES;
				CLANG_WARN__DUPLICATE_METHOD_MATCH = YES;
				"CODE_SIGN_IDENTITY[sdk=iphoneos*]" = "iPhone Developer";
				COPY_PHASE_STRIP = NO;
				DEBUG_INFORMATION_FORMAT = dwarf;
				ENABLE_STRICT_OBJC_MSGSEND = YES;
				ENABLE_TESTABILITY = YES;
				GCC_C_LANGUAGE_STANDARD = gnu99;
				GCC_DYNAMIC_NO_PIC = NO;
				GCC_NO_COMMON_BLOCKS = YES;
				GCC_OPTIMIZATION_LEVEL = 0;
				GCC_PREPROCESSOR_DEFINITIONS = (
					"DEBUG=1",
					"$(inherited)",
				);
				GCC_WARN_64_TO_32_BIT_CONVERSION = YES;
				GCC_WARN_ABOUT_RETURN_TYPE = YES_ERROR;
				GCC_WARN_UNDECLARED_SELECTOR = YES;
				GCC_WARN_UNINITIALIZED_AUTOS = YES_AGGRESSIVE;
				GCC_WARN_UNUSED_FUNCTION = YES;
				GCC_WARN_UNUSED_VARIABLE = YES;
				IPHONEOS_DEPLOYMENT_TARGET = 10.2;
				MTL_ENABLE_DEBUG_INFO = YES;
				ONLY_ACTIVE_ARCH = YES;
				SDKROOT = iphoneos;
				SWIFT_ACTIVE_COMPILATION_CONDITIONS = DEBUG;
				SWIFT_OPTIMIZATION_LEVEL = "-Onone";
			};
			name = Debug;
		};
		E1DB952D1E73B79F002958A9 /* Release */ = {
			isa = XCBuildConfiguration;
			buildSettings = {
				ALWAYS_SEARCH_USER_PATHS = NO;
				CLANG_ANALYZER_NONNULL = YES;
				CLANG_CXX_LANGUAGE_STANDARD = "gnu++0x";
				CLANG_CXX_LIBRARY = "libc++";
				CLANG_ENABLE_MODULES = YES;
				CLANG_ENABLE_OBJC_ARC = YES;
				CLANG_WARN_BOOL_CONVERSION = YES;
				CLANG_WARN_CONSTANT_CONVERSION = YES;
				CLANG_WARN_DIRECT_OBJC_ISA_USAGE = YES_ERROR;
				CLANG_WARN_DOCUMENTATION_COMMENTS = YES;
				CLANG_WARN_EMPTY_BODY = YES;
				CLANG_WARN_ENUM_CONVERSION = YES;
				CLANG_WARN_INFINITE_RECURSION = YES;
				CLANG_WARN_INT_CONVERSION = YES;
				CLANG_WARN_OBJC_ROOT_CLASS = YES_ERROR;
				CLANG_WARN_SUSPICIOUS_MOVE = YES;
				CLANG_WARN_UNREACHABLE_CODE = YES;
				CLANG_WARN__DUPLICATE_METHOD_MATCH = YES;
				"CODE_SIGN_IDENTITY[sdk=iphoneos*]" = "iPhone Developer";
				COPY_PHASE_STRIP = NO;
				DEBUG_INFORMATION_FORMAT = "dwarf-with-dsym";
				ENABLE_NS_ASSERTIONS = NO;
				ENABLE_STRICT_OBJC_MSGSEND = YES;
				GCC_C_LANGUAGE_STANDARD = gnu99;
				GCC_NO_COMMON_BLOCKS = YES;
				GCC_WARN_64_TO_32_BIT_CONVERSION = YES;
				GCC_WARN_ABOUT_RETURN_TYPE = YES_ERROR;
				GCC_WARN_UNDECLARED_SELECTOR = YES;
				GCC_WARN_UNINITIALIZED_AUTOS = YES_AGGRESSIVE;
				GCC_WARN_UNUSED_FUNCTION = YES;
				GCC_WARN_UNUSED_VARIABLE = YES;
				IPHONEOS_DEPLOYMENT_TARGET = 10.2;
				MTL_ENABLE_DEBUG_INFO = NO;
				SDKROOT = iphoneos;
				SWIFT_OPTIMIZATION_LEVEL = "-Owholemodule";
				VALIDATE_PRODUCT = YES;
			};
			name = Release;
		};
		E1DB952F1E73B79F002958A9 /* Debug */ = {
			isa = XCBuildConfiguration;
			baseConfigurationReference = B5695566426F344127A923BE /* Pods-notesNearby_iOS_final.debug.xcconfig */;
			buildSettings = {
				ASSETCATALOG_COMPILER_APPICON_NAME = AppIcon;
				CLANG_ENABLE_MODULES = YES;
				CODE_SIGN_IDENTITY = "";
				"CODE_SIGN_IDENTITY[sdk=iphoneos*]" = "iPhone Developer";
				DEVELOPMENT_TEAM = XW73GFFZH2;
				INFOPLIST_FILE = notesNearby_iOS_final/Info.plist;
				LD_RUNPATH_SEARCH_PATHS = "$(inherited) @executable_path/Frameworks";
				PRODUCT_BUNDLE_IDENTIFIER = "com.App01.notesNearby-iOS";
				PRODUCT_NAME = "$(TARGET_NAME)";
				SWIFT_OBJC_BRIDGING_HEADER = "notesNearby_iOS_final/notesNearby_iOS_final-Bridging-Header.h";
				SWIFT_OPTIMIZATION_LEVEL = "-Onone";
				SWIFT_VERSION = 3.0;
				TARGETED_DEVICE_FAMILY = 1;
			};
			name = Debug;
		};
		E1DB95301E73B79F002958A9 /* Release */ = {
			isa = XCBuildConfiguration;
			baseConfigurationReference = 52B8B3978A4FB71A74EAE770 /* Pods-notesNearby_iOS_final.release.xcconfig */;
			buildSettings = {
				ASSETCATALOG_COMPILER_APPICON_NAME = AppIcon;
				CLANG_ENABLE_MODULES = YES;
				CODE_SIGN_IDENTITY = "";
				"CODE_SIGN_IDENTITY[sdk=iphoneos*]" = "iPhone Developer";
				DEVELOPMENT_TEAM = XW73GFFZH2;
				INFOPLIST_FILE = notesNearby_iOS_final/Info.plist;
				LD_RUNPATH_SEARCH_PATHS = "$(inherited) @executable_path/Frameworks";
				PRODUCT_BUNDLE_IDENTIFIER = "com.App01.notesNearby-iOS";
				PRODUCT_NAME = "$(TARGET_NAME)";
				SWIFT_OBJC_BRIDGING_HEADER = "notesNearby_iOS_final/notesNearby_iOS_final-Bridging-Header.h";
				SWIFT_VERSION = 3.0;
				TARGETED_DEVICE_FAMILY = 1;
			};
			name = Release;
		};
		E1DB95321E73B79F002958A9 /* Debug */ = {
			isa = XCBuildConfiguration;
			baseConfigurationReference = 92E739F23A121CB927331481 /* Pods-notesNearby_iOS_finalTests.debug.xcconfig */;
			buildSettings = {
				ALWAYS_EMBED_SWIFT_STANDARD_LIBRARIES = YES;
				BUNDLE_LOADER = "$(TEST_HOST)";
				DEVELOPMENT_TEAM = V6PZYKT7A6;
				INFOPLIST_FILE = notesNearby_iOS_finalTests/Info.plist;
				LD_RUNPATH_SEARCH_PATHS = "$(inherited) @executable_path/Frameworks @loader_path/Frameworks";
				PRODUCT_BUNDLE_IDENTIFIER = "com.App01.notesNearby-iOS-finalTests";
				PRODUCT_NAME = "$(TARGET_NAME)";
				SWIFT_VERSION = 3.0;
				TEST_HOST = "$(BUILT_PRODUCTS_DIR)/notesNearby_iOS_final.app/notesNearby_iOS_final";
			};
			name = Debug;
		};
		E1DB95331E73B79F002958A9 /* Release */ = {
			isa = XCBuildConfiguration;
			baseConfigurationReference = CC52CF0868E2676F8FF58C8C /* Pods-notesNearby_iOS_finalTests.release.xcconfig */;
			buildSettings = {
				ALWAYS_EMBED_SWIFT_STANDARD_LIBRARIES = YES;
				BUNDLE_LOADER = "$(TEST_HOST)";
				DEVELOPMENT_TEAM = V6PZYKT7A6;
				INFOPLIST_FILE = notesNearby_iOS_finalTests/Info.plist;
				LD_RUNPATH_SEARCH_PATHS = "$(inherited) @executable_path/Frameworks @loader_path/Frameworks";
				PRODUCT_BUNDLE_IDENTIFIER = "com.App01.notesNearby-iOS-finalTests";
				PRODUCT_NAME = "$(TARGET_NAME)";
				SWIFT_VERSION = 3.0;
				TEST_HOST = "$(BUILT_PRODUCTS_DIR)/notesNearby_iOS_final.app/notesNearby_iOS_final";
			};
			name = Release;
		};
		E1DB95351E73B79F002958A9 /* Debug */ = {
			isa = XCBuildConfiguration;
			baseConfigurationReference = B8F693277493CC500059DDB4 /* Pods-notesNearby_iOS_finalUITests.debug.xcconfig */;
			buildSettings = {
				ALWAYS_EMBED_SWIFT_STANDARD_LIBRARIES = YES;
				DEVELOPMENT_TEAM = V6PZYKT7A6;
				INFOPLIST_FILE = notesNearby_iOS_finalUITests/Info.plist;
				LD_RUNPATH_SEARCH_PATHS = "$(inherited) @executable_path/Frameworks @loader_path/Frameworks";
				PRODUCT_BUNDLE_IDENTIFIER = "com.App01.notesNearby-iOS-finalUITests";
				PRODUCT_NAME = "$(TARGET_NAME)";
				SWIFT_VERSION = 3.0;
				TEST_TARGET_NAME = notesNearby_iOS_final;
			};
			name = Debug;
		};
		E1DB95361E73B79F002958A9 /* Release */ = {
			isa = XCBuildConfiguration;
			baseConfigurationReference = B6E1D2B7D269FCC66EDFE9D1 /* Pods-notesNearby_iOS_finalUITests.release.xcconfig */;
			buildSettings = {
				ALWAYS_EMBED_SWIFT_STANDARD_LIBRARIES = YES;
				DEVELOPMENT_TEAM = V6PZYKT7A6;
				INFOPLIST_FILE = notesNearby_iOS_finalUITests/Info.plist;
				LD_RUNPATH_SEARCH_PATHS = "$(inherited) @executable_path/Frameworks @loader_path/Frameworks";
				PRODUCT_BUNDLE_IDENTIFIER = "com.App01.notesNearby-iOS-finalUITests";
				PRODUCT_NAME = "$(TARGET_NAME)";
				SWIFT_VERSION = 3.0;
				TEST_TARGET_NAME = notesNearby_iOS_final;
			};
			name = Release;
		};
/* End XCBuildConfiguration section */

/* Begin XCConfigurationList section */
		E1DB94FE1E73B79F002958A9 /* Build configuration list for PBXProject "notesNearby_iOS_final" */ = {
			isa = XCConfigurationList;
			buildConfigurations = (
				E1DB952C1E73B79F002958A9 /* Debug */,
				E1DB952D1E73B79F002958A9 /* Release */,
			);
			defaultConfigurationIsVisible = 0;
			defaultConfigurationName = Release;
		};
		E1DB952E1E73B79F002958A9 /* Build configuration list for PBXNativeTarget "notesNearby_iOS_final" */ = {
			isa = XCConfigurationList;
			buildConfigurations = (
				E1DB952F1E73B79F002958A9 /* Debug */,
				E1DB95301E73B79F002958A9 /* Release */,
			);
			defaultConfigurationIsVisible = 0;
			defaultConfigurationName = Release;
		};
		E1DB95311E73B79F002958A9 /* Build configuration list for PBXNativeTarget "notesNearby_iOS_finalTests" */ = {
			isa = XCConfigurationList;
			buildConfigurations = (
				E1DB95321E73B79F002958A9 /* Debug */,
				E1DB95331E73B79F002958A9 /* Release */,
			);
			defaultConfigurationIsVisible = 0;
			defaultConfigurationName = Release;
		};
		E1DB95341E73B79F002958A9 /* Build configuration list for PBXNativeTarget "notesNearby_iOS_finalUITests" */ = {
			isa = XCConfigurationList;
			buildConfigurations = (
				E1DB95351E73B79F002958A9 /* Debug */,
				E1DB95361E73B79F002958A9 /* Release */,
			);
			defaultConfigurationIsVisible = 0;
			defaultConfigurationName = Release;
		};
/* End XCConfigurationList section */

/* Begin XCVersionGroup section */
		E1DB950D1E73B79F002958A9 /* notesNearby_iOS_final.xcdatamodeld */ = {
			isa = XCVersionGroup;
			children = (
				E1DB950E1E73B79F002958A9 /* notesNearby_iOS_final.xcdatamodel */,
			);
			currentVersion = E1DB950E1E73B79F002958A9 /* notesNearby_iOS_final.xcdatamodel */;
			path = notesNearby_iOS_final.xcdatamodeld;
			sourceTree = "<group>";
			versionGroupType = wrapper.xcdatamodel;
		};
/* End XCVersionGroup section */
	};
	rootObject = E1DB94FB1E73B79F002958A9 /* Project object */;
}
